// !$*UTF8*$!
{
	archiveVersion = 1;
	classes = {
	};
	objectVersion = 50;
	objects = {

/* Begin PBXBuildFile section */
		E714260A2505002500C18029 /* MainViewController.swift in Sources */ = {isa = PBXBuildFile; fileRef = E71426092505002500C18029 /* MainViewController.swift */; };
		E75B7D5324F1413D0041E065 /* AppDelegate.swift in Sources */ = {isa = PBXBuildFile; fileRef = E75B7D5224F1413D0041E065 /* AppDelegate.swift */; };
		E75B7D5524F1413D0041E065 /* SceneDelegate.swift in Sources */ = {isa = PBXBuildFile; fileRef = E75B7D5424F1413D0041E065 /* SceneDelegate.swift */; };
		E75B7D5724F1413D0041E065 /* ColorSettingsViewController.swift in Sources */ = {isa = PBXBuildFile; fileRef = E75B7D5624F1413D0041E065 /* ColorSettingsViewController.swift */; };
		E75B7D5A24F1413D0041E065 /* Main.storyboard in Resources */ = {isa = PBXBuildFile; fileRef = E75B7D5824F1413D0041E065 /* Main.storyboard */; };
		E75B7D5C24F141400041E065 /* Assets.xcassets in Resources */ = {isa = PBXBuildFile; fileRef = E75B7D5B24F141400041E065 /* Assets.xcassets */; };
		E75B7D5F24F141400041E065 /* LaunchScreen.storyboard in Resources */ = {isa = PBXBuildFile; fileRef = E75B7D5D24F141400041E065 /* LaunchScreen.storyboard */; };
/* End PBXBuildFile section */

/* Begin PBXFileReference section */
		E71426092505002500C18029 /* MainViewController.swift */ = {isa = PBXFileReference; lastKnownFileType = sourcecode.swift; path = MainViewController.swift; sourceTree = "<group>"; };
		E75B7D4F24F1413D0041E065 /* PhotoshopMini.app */ = {isa = PBXFileReference; explicitFileType = wrapper.application; includeInIndex = 0; path = PhotoshopMini.app; sourceTree = BUILT_PRODUCTS_DIR; };
		E75B7D5224F1413D0041E065 /* AppDelegate.swift */ = {isa = PBXFileReference; lastKnownFileType = sourcecode.swift; path = AppDelegate.swift; sourceTree = "<group>"; };
		E75B7D5424F1413D0041E065 /* SceneDelegate.swift */ = {isa = PBXFileReference; lastKnownFileType = sourcecode.swift; path = SceneDelegate.swift; sourceTree = "<group>"; };
		E75B7D5624F1413D0041E065 /* ColorSettingsViewController.swift */ = {isa = PBXFileReference; lastKnownFileType = sourcecode.swift; path = ColorSettingsViewController.swift; sourceTree = "<group>"; };
		E75B7D5924F1413D0041E065 /* Base */ = {isa = PBXFileReference; lastKnownFileType = file.storyboard; name = Base; path = Base.lproj/Main.storyboard; sourceTree = "<group>"; };
		E75B7D5B24F141400041E065 /* Assets.xcassets */ = {isa = PBXFileReference; lastKnownFileType = folder.assetcatalog; path = Assets.xcassets; sourceTree = "<group>"; };
		E75B7D5E24F141400041E065 /* Base */ = {isa = PBXFileReference; lastKnownFileType = file.storyboard; name = Base; path = Base.lproj/LaunchScreen.storyboard; sourceTree = "<group>"; };
		E75B7D6024F141400041E065 /* Info.plist */ = {isa = PBXFileReference; lastKnownFileType = text.plist.xml; path = Info.plist; sourceTree = "<group>"; };
/* End PBXFileReference section */

/* Begin PBXFrameworksBuildPhase section */
		E75B7D4C24F1413D0041E065 /* Frameworks */ = {
			isa = PBXFrameworksBuildPhase;
			buildActionMask = 2147483647;
			files = (
			);
			runOnlyForDeploymentPostprocessing = 0;
		};
/* End PBXFrameworksBuildPhase section */

/* Begin PBXGroup section */
		E75B7D4624F1413D0041E065 = {
			isa = PBXGroup;
			children = (
				E75B7D5124F1413D0041E065 /* PhotoshopMini */,
				E75B7D5024F1413D0041E065 /* Products */,
			);
			sourceTree = "<group>";
		};
		E75B7D5024F1413D0041E065 /* Products */ = {
			isa = PBXGroup;
			children = (
				E75B7D4F24F1413D0041E065 /* PhotoshopMini.app */,
			);
			name = Products;
			sourceTree = "<group>";
		};
		E75B7D5124F1413D0041E065 /* PhotoshopMini */ = {
			isa = PBXGroup;
			children = (
				E75B7D5224F1413D0041E065 /* AppDelegate.swift */,
				E75B7D5424F1413D0041E065 /* SceneDelegate.swift */,
				E75B7D5624F1413D0041E065 /* ColorSettingsViewController.swift */,
				E71426092505002500C18029 /* MainViewController.swift */,
				E75B7D5824F1413D0041E065 /* Main.storyboard */,
				E75B7D5B24F141400041E065 /* Assets.xcassets */,
				E75B7D5D24F141400041E065 /* LaunchScreen.storyboard */,
				E75B7D6024F141400041E065 /* Info.plist */,
			);
			path = PhotoshopMini;
			sourceTree = "<group>";
		};
/* End PBXGroup section */

/* Begin PBXNativeTarget section */
		E75B7D4E24F1413D0041E065 /* PhotoshopMini */ = {
			isa = PBXNativeTarget;
			buildConfigurationList = E75B7D6324F141400041E065 /* Build configuration list for PBXNativeTarget "PhotoshopMini" */;
			buildPhases = (
				E75B7D4B24F1413D0041E065 /* Sources */,
				E75B7D4C24F1413D0041E065 /* Frameworks */,
				E75B7D4D24F1413D0041E065 /* Resources */,
			);
			buildRules = (
			);
			dependencies = (
			);
			name = PhotoshopMini;
			productName = PhotoshopMini;
			productReference = E75B7D4F24F1413D0041E065 /* PhotoshopMini.app */;
			productType = "com.apple.product-type.application";
		};
/* End PBXNativeTarget section */

/* Begin PBXProject section */
		E75B7D4724F1413D0041E065 /* Project object */ = {
			isa = PBXProject;
			attributes = {
				LastSwiftUpdateCheck = 1130;
				LastUpgradeCheck = 1130;
				ORGANIZATIONNAME = Embler;
				TargetAttributes = {
					E75B7D4E24F1413D0041E065 = {
						CreatedOnToolsVersion = 11.3.1;
					};
				};
			};
			buildConfigurationList = E75B7D4A24F1413D0041E065 /* Build configuration list for PBXProject "PhotoshopMini" */;
			compatibilityVersion = "Xcode 9.3";
			developmentRegion = en;
			hasScannedForEncodings = 0;
			knownRegions = (
				en,
				Base,
			);
			mainGroup = E75B7D4624F1413D0041E065;
			productRefGroup = E75B7D5024F1413D0041E065 /* Products */;
			projectDirPath = "";
			projectRoot = "";
			targets = (
				E75B7D4E24F1413D0041E065 /* PhotoshopMini */,
			);
		};
/* End PBXProject section */

/* Begin PBXResourcesBuildPhase section */
		E75B7D4D24F1413D0041E065 /* Resources */ = {
			isa = PBXResourcesBuildPhase;
			buildActionMask = 2147483647;
			files = (
				E75B7D5F24F141400041E065 /* LaunchScreen.storyboard in Resources */,
				E75B7D5C24F141400041E065 /* Assets.xcassets in Resources */,
				E75B7D5A24F1413D0041E065 /* Main.storyboard in Resources */,
			);
			runOnlyForDeploymentPostprocessing = 0;
		};
/* End PBXResourcesBuildPhase section */

/* Begin PBXSourcesBuildPhase section */
		E75B7D4B24F1413D0041E065 /* Sources */ = {
			isa = PBXSourcesBuildPhase;
			buildActionMask = 2147483647;
			files = (
				E75B7D5724F1413D0041E065 /* ColorSettingsViewController.swift in Sources */,
				E75B7D5324F1413D0041E065 /* AppDelegate.swift in Sources */,
				E75B7D5524F1413D0041E065 /* SceneDelegate.swift in Sources */,
				E714260A2505002500C18029 /* MainViewController.swift in Sources */,
			);
			runOnlyForDeploymentPostprocessing = 0;
		};
/* End PBXSourcesBuildPhase section */

/* Begin PBXVariantGroup section */
		E75B7D5824F1413D0041E065 /* Main.storyboard */ = {
			isa = PBXVariantGroup;
			children = (
				E75B7D5924F1413D0041E065 /* Base */,
			);
			name = Main.storyboard;
			sourceTree = "<group>";
		};
		E75B7D5D24F141400041E065 /* LaunchScreen.storyboard */ = {
			isa = PBXVariantGroup;
			children = (
				E75B7D5E24F141400041E065 /* Base */,
			);
			name = LaunchScreen.storyboard;
			sourceTree = "<group>";
		};
/* End PBXVariantGroup section */

/* Begin XCBuildConfiguration section */
		E75B7D6124F141400041E065 /* Debug */ = {
			isa = XCBuildConfiguration;
			buildSettings = {
				ALWAYS_SEARCH_USER_PATHS = NO;
				CLANG_ANALYZER_NONNULL = YES;
				CLANG_ANALYZER_NUMBER_OBJECT_CONVERSION = YES_AGGRESSIVE;
				CLANG_CXX_LANGUAGE_STANDARD = "gnu++14";
				CLANG_CXX_LIBRARY = "libc++";
				CLANG_ENABLE_MODULES = YES;
				CLANG_ENABLE_OBJC_ARC = YES;
				CLANG_ENABLE_OBJC_WEAK = YES;
				CLANG_WARN_BLOCK_CAPTURE_AUTORELEASING = YES;
				CLANG_WARN_BOOL_CONVERSION = YES;
				CLANG_WARN_COMMA = YES;
				CLANG_WARN_CONSTANT_CONVERSION = YES;
				CLANG_WARN_DEPRECATED_OBJC_IMPLEMENTATIONS = YES;
				CLANG_WARN_DIRECT_OBJC_ISA_USAGE = YES_ERROR;
				CLANG_WARN_DOCUMENTATION_COMMENTS = YES;
				CLANG_WARN_EMPTY_BODY = YES;
				CLANG_WARN_ENUM_CONVERSION = YES;
				CLANG_WARN_INFINITE_RECURSION = YES;
				CLANG_WARN_INT_CONVERSION = YES;
				CLANG_WARN_NON_LITERAL_NULL_CONVERSION = YES;
				CLANG_WARN_OBJC_IMPLICIT_RETAIN_SELF = YES;
				CLANG_WARN_OBJC_LITERAL_CONVERSION = YES;
				CLANG_WARN_OBJC_ROOT_CLASS = YES_ERROR;
				CLANG_WARN_RANGE_LOOP_ANALYSIS = YES;
				CLANG_WARN_STRICT_PROTOTYPES = YES;
				CLANG_WARN_SUSPICIOUS_MOVE = YES;
				CLANG_WARN_UNGUARDED_AVAILABILITY = YES_AGGRESSIVE;
				CLANG_WARN_UNREACHABLE_CODE = YES;
				CLANG_WARN__DUPLICATE_METHOD_MATCH = YES;
				COPY_PHASE_STRIP = NO;
				DEBUG_INFORMATION_FORMAT = dwarf;
				ENABLE_STRICT_OBJC_MSGSEND = YES;
				ENABLE_TESTABILITY = YES;
				GCC_C_LANGUAGE_STANDARD = gnu11;
				GCC_DYNAMIC_NO_PIC = NO;
				GCC_NO_COMMON_BLOCKS = YES;
				GCC_OPTIMIZATION_LEVEL = 0;
				GCC_PREPROCESSOR_DEFINITIONS = (
					"DEBUG=1",
					"$(inherited)",
				);
				GCC_WARN_64_TO_32_BIT_CONVERSION = YES;
				GCC_WARN_ABOUT_RETURN_TYPE = YES_ERROR;
				GCC_WARN_UNDECLARED_SELECTOR = YES;
				GCC_WARN_UNINITIALIZED_AUTOS = YES_AGGRESSIVE;
				GCC_WARN_UNUSED_FUNCTION = YES;
				GCC_WARN_UNUSED_VARIABLE = YES;
				IPHONEOS_DEPLOYMENT_TARGET = 13.2;
				MTL_ENABLE_DEBUG_INFO = INCLUDE_SOURCE;
				MTL_FAST_MATH = YES;
				ONLY_ACTIVE_ARCH = YES;
				SDKROOT = iphoneos;
				SWIFT_ACTIVE_COMPILATION_CONDITIONS = DEBUG;
				SWIFT_OPTIMIZATION_LEVEL = "-Onone";
			};
			name = Debug;
		};
		E75B7D6224F141400041E065 /* Release */ = {
			isa = XCBuildConfiguration;
			buildSettings = {
				ALWAYS_SEARCH_USER_PATHS = NO;
				CLANG_ANALYZER_NONNULL = YES;
				CLANG_ANALYZER_NUMBER_OBJECT_CONVERSION = YES_AGGRESSIVE;
				CLANG_CXX_LANGUAGE_STANDARD = "gnu++14";
				CLANG_CXX_LIBRARY = "libc++";
				CLANG_ENABLE_MODULES = YES;
				CLANG_ENABLE_OBJC_ARC = YES;
				CLANG_ENABLE_OBJC_WEAK = YES;
				CLANG_WARN_BLOCK_CAPTURE_AUTORELEASING = YES;
				CLANG_WARN_BOOL_CONVERSION = YES;
				CLANG_WARN_COMMA = YES;
				CLANG_WARN_CONSTANT_CONVERSION = YES;
				CLANG_WARN_DEPRECATED_OBJC_IMPLEMENTATIONS = YES;
				CLANG_WARN_DIRECT_OBJC_ISA_USAGE = YES_ERROR;
				CLANG_WARN_DOCUMENTATION_COMMENTS = YES;
				CLANG_WARN_EMPTY_BODY = YES;
				CLANG_WARN_ENUM_CONVERSION = YES;
				CLANG_WARN_INFINITE_RECURSION = YES;
				CLANG_WARN_INT_CONVERSION = YES;
				CLANG_WARN_NON_LITERAL_NULL_CONVERSION = YES;
				CLANG_WARN_OBJC_IMPLICIT_RETAIN_SELF = YES;
				CLANG_WARN_OBJC_LITERAL_CONVERSION = YES;
				CLANG_WARN_OBJC_ROOT_CLASS = YES_ERROR;
				CLANG_WARN_RANGE_LOOP_ANALYSIS = YES;
				CLANG_WARN_STRICT_PROTOTYPES = YES;
				CLANG_WARN_SUSPICIOUS_MOVE = YES;
				CLANG_WARN_UNGUARDED_AVAILABILITY = YES_AGGRESSIVE;
				CLANG_WARN_UNREACHABLE_CODE = YES;
				CLANG_WARN__DUPLICATE_METHOD_MATCH = YES;
				COPY_PHASE_STRIP = NO;
				DEBUG_INFORMATION_FORMAT = "dwarf-with-dsym";
				ENABLE_NS_ASSERTIONS = NO;
				ENABLE_STRICT_OBJC_MSGSEND = YES;
				GCC_C_LANGUAGE_STANDARD = gnu11;
				GCC_NO_COMMON_BLOCKS = YES;
				GCC_WARN_64_TO_32_BIT_CONVERSION = YES;
				GCC_WARN_ABOUT_RETURN_TYPE = YES_ERROR;
				GCC_WARN_UNDECLARED_SELECTOR = YES;
				GCC_WARN_UNINITIALIZED_AUTOS = YES_AGGRESSIVE;
				GCC_WARN_UNUSED_FUNCTION = YES;
				GCC_WARN_UNUSED_VARIABLE = YES;
				IPHONEOS_DEPLOYMENT_TARGET = 13.2;
				MTL_ENABLE_DEBUG_INFO = NO;
				MTL_FAST_MATH = YES;
				SDKROOT = iphoneos;
				SWIFT_COMPILATION_MODE = wholemodule;
				SWIFT_OPTIMIZATION_LEVEL = "-O";
				VALIDATE_PRODUCT = YES;
			};
			name = Release;
		};
		E75B7D6424F141400041E065 /* Debug */ = {
			isa = XCBuildConfiguration;
			buildSettings = {
				ASSETCATALOG_COMPILER_APPICON_NAME = AppIcon;
				CODE_SIGN_STYLE = Automatic;
				DEVELOPMENT_TEAM = AGH5RSM234;
				INFOPLIST_FILE = PhotoshopMini/Info.plist;
				IPHONEOS_DEPLOYMENT_TARGET = 13.2;
				LD_RUNPATH_SEARCH_PATHS = (
					"$(inherited)",
					"@executable_path/Frameworks",
				);
				PRODUCT_BUNDLE_IDENTIFIER = com.emblersApps.PhotoshopMini;
				PRODUCT_NAME = "$(TARGET_NAME)";
				SWIFT_VERSION = 5.0;
				TARGETED_DEVICE_FAMILY = 1;
			};
			name = Debug;
		};
		E75B7D6524F141400041E065 /* Release */ = {
			isa = XCBuildConfiguration;
			buildSettings = {
				ASSETCATALOG_COMPILER_APPICON_NAME = AppIcon;
				CODE_SIGN_STYLE = Automatic;
				DEVELOPMENT_TEAM = AGH5RSM234;
				INFOPLIST_FILE = PhotoshopMini/Info.plist;
				IPHONEOS_DEPLOYMENT_TARGET = 13.2;
				LD_RUNPATH_SEARCH_PATHS = (
					"$(inherited)",
					"@executable_path/Frameworks",
				);
				PRODUCT_BUNDLE_IDENTIFIER = com.emblersApps.PhotoshopMini;
				PRODUCT_NAME = "$(TARGET_NAME)";
				SWIFT_VERSION = 5.0;
				TARGETED_DEVICE_FAMILY = 1;
			};
			name = Release;
		};
/* End XCBuildConfiguration section */

/* Begin XCConfigurationList section */
		E75B7D4A24F1413D0041E065 /* Build configuration list for PBXProject "PhotoshopMini" */ = {
			isa = XCConfigurationList;
			buildConfigurations = (
				E75B7D6124F141400041E065 /* Debug */,
				E75B7D6224F141400041E065 /* Release */,
			);
			defaultConfigurationIsVisible = 0;
			defaultConfigurationName = Release;
		};
		E75B7D6324F141400041E065 /* Build configuration list for PBXNativeTarget "PhotoshopMini" */ = {
			isa = XCConfigurationList;
			buildConfigurations = (
				E75B7D6424F141400041E065 /* Debug */,
				E75B7D6524F141400041E065 /* Release */,
			);
			defaultConfigurationIsVisible = 0;
			defaultConfigurationName = Release;
		};
/* End XCConfigurationList section */
	};
	rootObject = E75B7D4724F1413D0041E065 /* Project object */;
}
